<?xml version="1.0" encoding="utf-8"?>
<Project ToolsVersion="4.0" xmlns="http://schemas.microsoft.com/developer/msbuild/2003">
  <ItemGroup>
    <Filter Include="Source Files">
      <UniqueIdentifier>{4FC737F1-C7A5-4376-A066-2A32D752A2FF}</UniqueIdentifier>
      <Extensions>cpp;c;cc;cxx;def;odl;idl;hpj;bat;asm;asmx</Extensions>
    </Filter>
    <Filter Include="Header Files">
      <UniqueIdentifier>{93995380-89BD-4b04-88EB-625FBE52EBFB}</UniqueIdentifier>
      <Extensions>h;hh;hpp;hxx;hm;inl;inc;ipp;xsd</Extensions>
    </Filter>
    <Filter Include="Resource Files">
      <UniqueIdentifier>{67DA6AB6-F800-4c08-8B7A-83BB121AAD01}</UniqueIdentifier>
      <Extensions>rc;ico;cur;bmp;dlg;rc2;rct;bin;rgs;gif;jpg;jpeg;jpe;resx;tiff;tif;png;wav;mfcribbon-ms</Extensions>
    </Filter>
    <Filter Include="scripting">
      <UniqueIdentifier>{c4c613f2-a6a1-4b01-b2e3-3e8132d67152}</UniqueIdentifier>
    </Filter>
    <Filter Include="bloom">
      <UniqueIdentifier>{a04fee44-370b-4c26-bb22-bbb3ae14b077}</UniqueIdentifier>
    </Filter>
    <Filter Include="baselib">
      <UniqueIdentifier>{1b0ca861-a495-49ae-acc4-f88aed718c15}</UniqueIdentifier>
    </Filter>
  </ItemGroup>
  <ItemGroup>
    <ClCompile Include="adchpp\AdcCommand.cpp">
      <Filter>Source Files</Filter>
    </ClCompile>
    <ClCompile Include="adchpp\Bot.cpp">
      <Filter>Source Files</Filter>
    </ClCompile>
    <ClCompile Include="adchpp\Buffer.cpp">
      <Filter>Source Files</Filter>
    </ClCompile>
    <ClCompile Include="adchpp\Client.cpp">
      <Filter>Source Files</Filter>
    </ClCompile>
    <ClCompile Include="adchpp\ClientManager.cpp">
      <Filter>Source Files</Filter>
    </ClCompile>
    <ClCompile Include="adchpp\Core.cpp">
      <Filter>Source Files</Filter>
    </ClCompile>
    <ClCompile Include="adchpp\Entity.cpp">
      <Filter>Source Files</Filter>
    </ClCompile>
    <ClCompile Include="adchpp\Hub.cpp">
      <Filter>Source Files</Filter>
    </ClCompile>
    <ClCompile Include="adchpp\LogManager.cpp">
      <Filter>Source Files</Filter>
    </ClCompile>
    <ClCompile Include="adchpp\ManagedSocket.cpp">
      <Filter>Source Files</Filter>
    </ClCompile>
    <ClCompile Include="adchpp\PluginManager.cpp">
      <Filter>Source Files</Filter>
    </ClCompile>
    <ClCompile Include="adchpp\SocketManager.cpp">
      <Filter>Source Files</Filter>
    </ClCompile>
    <ClCompile Include="adchpp\version.cpp">
      <Filter>Source Files</Filter>
    </ClCompile>
    <ClCompile Include="adchppd\adchppd.cpp">
      <Filter>Source Files</Filter>
    </ClCompile>
    <ClCompile Include="adchppd\adchppdw.cpp">
      <Filter>Source Files</Filter>
    </ClCompile>
    <ClCompile Include="adchpp\LuaEngine.cpp">
      <Filter>scripting</Filter>
    </ClCompile>
    <ClCompile Include="adchpp\LuaScript.cpp">
      <Filter>scripting</Filter>
    </ClCompile>
    <ClCompile Include="adchpp\ScriptManager.cpp">
      <Filter>scripting</Filter>
    </ClCompile>
    <ClCompile Include="swig\lua_wrap.cxx">
      <Filter>scripting</Filter>
    </ClCompile>
    <ClCompile Include="adchpp\BloomManager.cpp">
      <Filter>bloom</Filter>
    </ClCompile>
    <ClCompile Include="adchpp\HashBloom.cpp">
      <Filter>bloom</Filter>
    </ClCompile>
    <ClCompile Include="baselib\Base32.cpp">
      <Filter>baselib</Filter>
    </ClCompile>
    <ClCompile Include="baselib\BaseUtil.cpp">
      <Filter>baselib</Filter>
    </ClCompile>
    <ClCompile Include="baselib\File.cpp">
      <Filter>baselib</Filter>
    </ClCompile>
    <ClCompile Include="baselib\SimpleXML.cpp">
      <Filter>baselib</Filter>
    </ClCompile>
    <ClCompile Include="baselib\SimpleXMLReader.cpp">
      <Filter>baselib</Filter>
    </ClCompile>
    <ClCompile Include="baselib\CompatibilityManager.cpp">
      <Filter>baselib</Filter>
    </ClCompile>
    <ClCompile Include="baselib\Exception.cpp">
      <Filter>baselib</Filter>
    </ClCompile>
    <ClCompile Include="baselib\FormatUtil.cpp">
      <Filter>baselib</Filter>
    </ClCompile>
    <ClCompile Include="baselib\Random.cpp">
      <Filter>baselib</Filter>
    </ClCompile>
    <ClCompile Include="baselib\Text.cpp">
      <Filter>baselib</Filter>
    </ClCompile>
    <ClCompile Include="baselib\Thread.cpp">
      <Filter>baselib</Filter>
    </ClCompile>
    <ClCompile Include="baselib\TigerHash.cpp">
      <Filter>baselib</Filter>
    </ClCompile>
    <ClCompile Include="adchpp\AppPaths.cpp">
      <Filter>Source Files</Filter>
    </ClCompile>
    <ClCompile Include="baselib\ParamExpander.cpp">
      <Filter>baselib</Filter>
    </ClCompile>
    <ClCompile Include="baselib\debug.cpp">
      <Filter>baselib</Filter>
    </ClCompile>
    <ClCompile Include="adchpp\CID.cpp">
      <Filter>Source Files</Filter>
    </ClCompile>
    <ClCompile Include="baselib\SysVersion.cpp">
      <Filter>baselib</Filter>
    </ClCompile>
    <ClCompile Include="adchpp\Utils.cpp">
      <Filter>Source Files</Filter>
    </ClCompile>
    <ClCompile Include="baselib\TimeUtil.cpp">
      <Filter>baselib</Filter>
    </ClCompile>
  </ItemGroup>
  <ItemGroup>
    <ClInclude Include="adchpp\AdcCommand.h">
      <Filter>Header Files</Filter>
    </ClInclude>
    <ClInclude Include="adchpp\AsyncStream.h">
      <Filter>Header Files</Filter>
    </ClInclude>
    <ClInclude Include="adchpp\Bot.h">
      <Filter>Header Files</Filter>
    </ClInclude>
    <ClInclude Include="adchpp\Buffer.h">
      <Filter>Header Files</Filter>
    </ClInclude>
    <ClInclude Include="adchpp\CID.h">
      <Filter>Header Files</Filter>
    </ClInclude>
    <ClInclude Include="adchpp\Client.h">
      <Filter>Header Files</Filter>
    </ClInclude>
    <ClInclude Include="adchpp\ClientManager.h">
      <Filter>Header Files</Filter>
    </ClInclude>
    <ClInclude Include="adchpp\compiler.h">
      <Filter>Header Files</Filter>
    </ClInclude>
    <ClInclude Include="adchpp\Core.h">
      <Filter>Header Files</Filter>
    </ClInclude>
    <ClInclude Include="adchpp\Entity.h">
      <Filter>Header Files</Filter>
    </ClInclude>
    <ClInclude Include="adchpp\FastAlloc.h">
      <Filter>Header Files</Filter>
    </ClInclude>
    <ClInclude Include="adchpp\forward.h">
      <Filter>Header Files</Filter>
    </ClInclude>
    <ClInclude Include="adchpp\Hub.h">
      <Filter>Header Files</Filter>
    </ClInclude>
    <ClInclude Include="adchpp\LogManager.h">
      <Filter>Header Files</Filter>
    </ClInclude>
    <ClInclude Include="adchpp\ManagedSocket.h">
      <Filter>Header Files</Filter>
    </ClInclude>
    <ClInclude Include="adchpp\Plugin.h">
      <Filter>Header Files</Filter>
    </ClInclude>
    <ClInclude Include="adchpp\PluginManager.h">
      <Filter>Header Files</Filter>
    </ClInclude>
    <ClInclude Include="adchpp\Pool.h">
      <Filter>Header Files</Filter>
    </ClInclude>
    <ClInclude Include="adchpp\ServerInfo.h">
      <Filter>Header Files</Filter>
    </ClInclude>
    <ClInclude Include="adchpp\Signal.h">
      <Filter>Header Files</Filter>
    </ClInclude>
    <ClInclude Include="adchpp\SocketManager.h">
      <Filter>Header Files</Filter>
    </ClInclude>
    <ClInclude Include="adchpp\TigerHash.h">
      <Filter>Header Files</Filter>
    </ClInclude>
    <ClInclude Include="adchpp\version.h">
      <Filter>Header Files</Filter>
    </ClInclude>
    <ClInclude Include="adchpp\Engine.h">
      <Filter>scripting</Filter>
    </ClInclude>
    <ClInclude Include="adchpp\LuaCommon.h">
      <Filter>scripting</Filter>
    </ClInclude>
    <ClInclude Include="adchpp\LuaEngine.h">
      <Filter>scripting</Filter>
    </ClInclude>
    <ClInclude Include="adchpp\LuaScript.h">
      <Filter>scripting</Filter>
    </ClInclude>
    <ClInclude Include="adchpp\ScriptManager.h">
      <Filter>scripting</Filter>
    </ClInclude>
    <ClInclude Include="adchpp\BloomManager.h">
      <Filter>bloom</Filter>
    </ClInclude>
    <ClInclude Include="adchpp\HashBloom.h">
      <Filter>bloom</Filter>
    </ClInclude>
    <ClInclude Include="baselib\Base32.h">
      <Filter>baselib</Filter>
    </ClInclude>
    <ClInclude Include="baselib\BaseUtil.h">
      <Filter>baselib</Filter>
    </ClInclude>
    <ClInclude Include="baselib\File.h">
      <Filter>baselib</Filter>
    </ClInclude>
    <ClInclude Include="baselib\SimpleXML.h">
      <Filter>baselib</Filter>
    </ClInclude>
    <ClInclude Include="baselib\SimpleXMLException.h">
      <Filter>baselib</Filter>
    </ClInclude>
    <ClInclude Include="baselib\SimpleXMLReader.h">
      <Filter>baselib</Filter>
    </ClInclude>
    <ClInclude Include="baselib\BaseStreams.h">
      <Filter>baselib</Filter>
    </ClInclude>
    <ClInclude Include="baselib\BaseThread.h">
      <Filter>baselib</Filter>
    </ClInclude>
    <ClInclude Include="baselib\CompatibilityManager.h">
      <Filter>baselib</Filter>
    </ClInclude>
    <ClInclude Include="baselib\Exception.h">
      <Filter>baselib</Filter>
    </ClInclude>
    <ClInclude Include="baselib\FormatUtil.h">
      <Filter>baselib</Filter>
    </ClInclude>
    <ClInclude Include="baselib\HashValue.h">
      <Filter>baselib</Filter>
    </ClInclude>
    <ClInclude Include="baselib\Random.h">
      <Filter>baselib</Filter>
    </ClInclude>
    <ClInclude Include="baselib\Text.h">
      <Filter>baselib</Filter>
    </ClInclude>
    <ClInclude Include="baselib\Thread.h">
      <Filter>baselib</Filter>
    </ClInclude>
    <ClInclude Include="baselib\TigerHash.h">
      <Filter>baselib</Filter>
    </ClInclude>
    <ClInclude Include="adchpp\AppPaths.h">
      <Filter>Header Files</Filter>
    </ClInclude>
    <ClInclude Include="baselib\ParamExpander.h">
      <Filter>baselib</Filter>
    </ClInclude>
    <ClInclude Include="baselib\debug.h">
      <Filter>baselib</Filter>
    </ClInclude>
    <ClInclude Include="baselib\SysVersion.h">
      <Filter>baselib</Filter>
    </ClInclude>
    <ClInclude Include="adchpp\Utils.h">
      <Filter>Header Files</Filter>
    </ClInclude>
    <ClInclude Include="baselib\TimeUtil.h">
      <Filter>baselib</Filter>
    </ClInclude>
  </ItemGroup>
</Project>